
Microsoft Visual Studio Solution File, Format Version 12.00
# Visual Studio Version 17
VisualStudioVersion = 17.5.33502.453
MinimumVisualStudioVersion = 10.0.40219.1
Project("{FAE04EC0-301F-11D3-BF4B-00C04F79EFBC}") = "kolokwium-niedzii", "kolokwium-niedzii.csproj", "{46A604B3-34DF-4BC9-9DA1-5C10940033FC}"
EndProject
Global
	GlobalSection(SolutionConfigurationPlatforms) = preSolution
		Debug|Any CPU = Debug|Any CPU
		Release|Any CPU = Release|Any CPU
	EndGlobalSection
	GlobalSection(ProjectConfigurationPlatforms) = postSolution
		{46A604B3-34DF-4BC9-9DA1-5C10940033FC}.Debug|Any CPU.ActiveCfg = Debug|Any CPU
		{46A604B3-34DF-4BC9-9DA1-5C10940033FC}.Debug|Any CPU.Build.0 = Debug|Any CPU
		{46A604B3-34DF-4BC9-9DA1-5C10940033FC}.Release|Any CPU.ActiveCfg = Release|Any CPU
		{46A604B3-34DF-4BC9-9DA1-5C10940033FC}.Release|Any CPU.Build.0 = Release|Any CPU
	EndGlobalSection
	GlobalSection(SolutionProperties) = preSolution
		HideSolutionNode = FALSE
	EndGlobalSection
	GlobalSection(ExtensibilityGlobals) = postSolution
		SolutionGuid = {8755F21F-FB71-4E15-8583-04C5BAC0A90B}
	EndGlobalSection
EndGlobal
